// !$*UTF8*$!
{
	archiveVersion = 1;
	classes = {
	};
	objectVersion = 46;
	objects = {

/* Begin PBXBuildFile section */
		283AAFD81AEF17D1000E314D /* AppDelegate.swift in Sources */ = {isa = PBXBuildFile; fileRef = 283AAFD71AEF17D1000E314D /* AppDelegate.swift */; };
		283AAFDA1AEF17D1000E314D /* ViewController.swift in Sources */ = {isa = PBXBuildFile; fileRef = 283AAFD91AEF17D1000E314D /* ViewController.swift */; };
		283AAFDD1AEF17D1000E314D /* Main.storyboard in Resources */ = {isa = PBXBuildFile; fileRef = 283AAFDB1AEF17D1000E314D /* Main.storyboard */; };
		283AAFDF1AEF17D1000E314D /* Images.xcassets in Resources */ = {isa = PBXBuildFile; fileRef = 283AAFDE1AEF17D1000E314D /* Images.xcassets */; };
		283AAFE21AEF17D1000E314D /* LaunchScreen.xib in Resources */ = {isa = PBXBuildFile; fileRef = 283AAFE01AEF17D1000E314D /* LaunchScreen.xib */; };
		283AAFEE1AEF17D1000E314D /* Watch_2Tests.swift in Sources */ = {isa = PBXBuildFile; fileRef = 283AAFED1AEF17D1000E314D /* Watch_2Tests.swift */; };
		283AB0001AEF17E4000E314D /* InterfaceController.swift in Sources */ = {isa = PBXBuildFile; fileRef = 283AAFFF1AEF17E4000E314D /* InterfaceController.swift */; };
		283AB0021AEF17E4000E314D /* Images.xcassets in Resources */ = {isa = PBXBuildFile; fileRef = 283AB0011AEF17E4000E314D /* Images.xcassets */; };
		283AB0061AEF17E4000E314D /* Watch-2 WatchKit App.app in Resources */ = {isa = PBXBuildFile; fileRef = 283AB0051AEF17E4000E314D /* Watch-2 WatchKit App.app */; };
		283AB00E1AEF17E4000E314D /* Interface.storyboard in Resources */ = {isa = PBXBuildFile; fileRef = 283AB00C1AEF17E4000E314D /* Interface.storyboard */; };
		283AB0101AEF17E4000E314D /* Images.xcassets in Resources */ = {isa = PBXBuildFile; fileRef = 283AB00F1AEF17E4000E314D /* Images.xcassets */; };
		283AB0131AEF17E4000E314D /* Watch-2 WatchKit Extension.appex in Embed App Extensions */ = {isa = PBXBuildFile; fileRef = 283AAFFB1AEF17E4000E314D /* Watch-2 WatchKit Extension.appex */; settings = {ATTRIBUTES = (RemoveHeadersOnCopy, ); }; };
/* End PBXBuildFile section */

/* Begin PBXContainerItemProxy section */
		283AAFE81AEF17D1000E314D /* PBXContainerItemProxy */ = {
			isa = PBXContainerItemProxy;
			containerPortal = 283AAFCA1AEF17D1000E314D /* Project object */;
			proxyType = 1;
			remoteGlobalIDString = 283AAFD11AEF17D1000E314D;
			remoteInfo = "Watch-2";
		};
		283AB0071AEF17E4000E314D /* PBXContainerItemProxy */ = {
			isa = PBXContainerItemProxy;
			containerPortal = 283AAFCA1AEF17D1000E314D /* Project object */;
			proxyType = 1;
			remoteGlobalIDString = 283AB0041AEF17E4000E314D;
			remoteInfo = "Watch-2 WatchKit App";
		};
		283AB0111AEF17E4000E314D /* PBXContainerItemProxy */ = {
			isa = PBXContainerItemProxy;
			containerPortal = 283AAFCA1AEF17D1000E314D /* Project object */;
			proxyType = 1;
			remoteGlobalIDString = 283AAFFA1AEF17E4000E314D;
			remoteInfo = "Watch-2 WatchKit Extension";
		};
/* End PBXContainerItemProxy section */

/* Begin PBXCopyFilesBuildPhase section */
		283AB01A1AEF17E4000E314D /* Embed App Extensions */ = {
			isa = PBXCopyFilesBuildPhase;
			buildActionMask = 2147483647;
			dstPath = "";
			dstSubfolderSpec = 13;
			files = (
				283AB0131AEF17E4000E314D /* Watch-2 WatchKit Extension.appex in Embed App Extensions */,
			);
			name = "Embed App Extensions";
			runOnlyForDeploymentPostprocessing = 0;
		};
/* End PBXCopyFilesBuildPhase section */

/* Begin PBXFileReference section */
		283AAFD21AEF17D1000E314D /* Watch-2.app */ = {isa = PBXFileReference; explicitFileType = wrapper.application; includeInIndex = 0; path = "Watch-2.app"; sourceTree = BUILT_PRODUCTS_DIR; };
		283AAFD61AEF17D1000E314D /* Info.plist */ = {isa = PBXFileReference; lastKnownFileType = text.plist.xml; path = Info.plist; sourceTree = "<group>"; };
		283AAFD71AEF17D1000E314D /* AppDelegate.swift */ = {isa = PBXFileReference; lastKnownFileType = sourcecode.swift; path = AppDelegate.swift; sourceTree = "<group>"; };
		283AAFD91AEF17D1000E314D /* ViewController.swift */ = {isa = PBXFileReference; lastKnownFileType = sourcecode.swift; path = ViewController.swift; sourceTree = "<group>"; };
		283AAFDC1AEF17D1000E314D /* Base */ = {isa = PBXFileReference; lastKnownFileType = file.storyboard; name = Base; path = Base.lproj/Main.storyboard; sourceTree = "<group>"; };
		283AAFDE1AEF17D1000E314D /* Images.xcassets */ = {isa = PBXFileReference; lastKnownFileType = folder.assetcatalog; path = Images.xcassets; sourceTree = "<group>"; };
		283AAFE11AEF17D1000E314D /* Base */ = {isa = PBXFileReference; lastKnownFileType = file.xib; name = Base; path = Base.lproj/LaunchScreen.xib; sourceTree = "<group>"; };
		283AAFE71AEF17D1000E314D /* Watch-2Tests.xctest */ = {isa = PBXFileReference; explicitFileType = wrapper.cfbundle; includeInIndex = 0; path = "Watch-2Tests.xctest"; sourceTree = BUILT_PRODUCTS_DIR; };
		283AAFEC1AEF17D1000E314D /* Info.plist */ = {isa = PBXFileReference; lastKnownFileType = text.plist.xml; path = Info.plist; sourceTree = "<group>"; };
		283AAFED1AEF17D1000E314D /* Watch_2Tests.swift */ = {isa = PBXFileReference; lastKnownFileType = sourcecode.swift; path = Watch_2Tests.swift; sourceTree = "<group>"; };
		283AAFFB1AEF17E4000E314D /* Watch-2 WatchKit Extension.appex */ = {isa = PBXFileReference; explicitFileType = "wrapper.app-extension"; includeInIndex = 0; path = "Watch-2 WatchKit Extension.appex"; sourceTree = BUILT_PRODUCTS_DIR; };
		283AAFFE1AEF17E4000E314D /* Info.plist */ = {isa = PBXFileReference; lastKnownFileType = text.plist.xml; path = Info.plist; sourceTree = "<group>"; };
		283AAFFF1AEF17E4000E314D /* InterfaceController.swift */ = {isa = PBXFileReference; lastKnownFileType = sourcecode.swift; path = InterfaceController.swift; sourceTree = "<group>"; };
		283AB0011AEF17E4000E314D /* Images.xcassets */ = {isa = PBXFileReference; lastKnownFileType = folder.assetcatalog; path = Images.xcassets; sourceTree = "<group>"; };
		283AB0051AEF17E4000E314D /* Watch-2 WatchKit App.app */ = {isa = PBXFileReference; explicitFileType = wrapper.application; includeInIndex = 0; path = "Watch-2 WatchKit App.app"; sourceTree = BUILT_PRODUCTS_DIR; };
		283AB00B1AEF17E4000E314D /* Info.plist */ = {isa = PBXFileReference; lastKnownFileType = text.plist.xml; path = Info.plist; sourceTree = "<group>"; };
		283AB00D1AEF17E4000E314D /* Base */ = {isa = PBXFileReference; lastKnownFileType = file.storyboard; name = Base; path = Base.lproj/Interface.storyboard; sourceTree = "<group>"; };
		283AB00F1AEF17E4000E314D /* Images.xcassets */ = {isa = PBXFileReference; lastKnownFileType = folder.assetcatalog; path = Images.xcassets; sourceTree = "<group>"; };
/* End PBXFileReference section */

/* Begin PBXFrameworksBuildPhase section */
		283AAFCF1AEF17D1000E314D /* Frameworks */ = {
			isa = PBXFrameworksBuildPhase;
			buildActionMask = 2147483647;
			files = (
			);
			runOnlyForDeploymentPostprocessing = 0;
		};
		283AAFE41AEF17D1000E314D /* Frameworks */ = {
			isa = PBXFrameworksBuildPhase;
			buildActionMask = 2147483647;
			files = (
			);
			runOnlyForDeploymentPostprocessing = 0;
		};
		283AAFF81AEF17E4000E314D /* Frameworks */ = {
			isa = PBXFrameworksBuildPhase;
			buildActionMask = 2147483647;
			files = (
			);
			runOnlyForDeploymentPostprocessing = 0;
		};
/* End PBXFrameworksBuildPhase section */

/* Begin PBXGroup section */
		283AAFC91AEF17D1000E314D = {
			isa = PBXGroup;
			children = (
				283AAFD41AEF17D1000E314D /* Watch-2 */,
				283AAFEA1AEF17D1000E314D /* Watch-2Tests */,
				283AAFFC1AEF17E4000E314D /* Watch-2 WatchKit Extension */,
				283AB0091AEF17E4000E314D /* Watch-2 WatchKit App */,
				283AAFD31AEF17D1000E314D /* Products */,
			);
			sourceTree = "<group>";
		};
		283AAFD31AEF17D1000E314D /* Products */ = {
			isa = PBXGroup;
			children = (
				283AAFD21AEF17D1000E314D /* Watch-2.app */,
				283AAFE71AEF17D1000E314D /* Watch-2Tests.xctest */,
				283AAFFB1AEF17E4000E314D /* Watch-2 WatchKit Extension.appex */,
				283AB0051AEF17E4000E314D /* Watch-2 WatchKit App.app */,
			);
			name = Products;
			sourceTree = "<group>";
		};
		283AAFD41AEF17D1000E314D /* Watch-2 */ = {
			isa = PBXGroup;
			children = (
				283AAFD71AEF17D1000E314D /* AppDelegate.swift */,
				283AAFD91AEF17D1000E314D /* ViewController.swift */,
				283AAFDB1AEF17D1000E314D /* Main.storyboard */,
				283AAFDE1AEF17D1000E314D /* Images.xcassets */,
				283AAFE01AEF17D1000E314D /* LaunchScreen.xib */,
				283AAFD51AEF17D1000E314D /* Supporting Files */,
			);
			path = "Watch-2";
			sourceTree = "<group>";
		};
		283AAFD51AEF17D1000E314D /* Supporting Files */ = {
			isa = PBXGroup;
			children = (
				283AAFD61AEF17D1000E314D /* Info.plist */,
			);
			name = "Supporting Files";
			sourceTree = "<group>";
		};
		283AAFEA1AEF17D1000E314D /* Watch-2Tests */ = {
			isa = PBXGroup;
			children = (
				283AAFED1AEF17D1000E314D /* Watch_2Tests.swift */,
				283AAFEB1AEF17D1000E314D /* Supporting Files */,
			);
			path = "Watch-2Tests";
			sourceTree = "<group>";
		};
		283AAFEB1AEF17D1000E314D /* Supporting Files */ = {
			isa = PBXGroup;
			children = (
				283AAFEC1AEF17D1000E314D /* Info.plist */,
			);
			name = "Supporting Files";
			sourceTree = "<group>";
		};
		283AAFFC1AEF17E4000E314D /* Watch-2 WatchKit Extension */ = {
			isa = PBXGroup;
			children = (
				283AAFFF1AEF17E4000E314D /* InterfaceController.swift */,
				283AB0011AEF17E4000E314D /* Images.xcassets */,
				283AAFFD1AEF17E4000E314D /* Supporting Files */,
			);
			path = "Watch-2 WatchKit Extension";
			sourceTree = "<group>";
		};
		283AAFFD1AEF17E4000E314D /* Supporting Files */ = {
			isa = PBXGroup;
			children = (
				283AAFFE1AEF17E4000E314D /* Info.plist */,
			);
			name = "Supporting Files";
			sourceTree = "<group>";
		};
		283AB0091AEF17E4000E314D /* Watch-2 WatchKit App */ = {
			isa = PBXGroup;
			children = (
				283AB00C1AEF17E4000E314D /* Interface.storyboard */,
				283AB00F1AEF17E4000E314D /* Images.xcassets */,
				283AB00A1AEF17E4000E314D /* Supporting Files */,
			);
			path = "Watch-2 WatchKit App";
			sourceTree = "<group>";
		};
		283AB00A1AEF17E4000E314D /* Supporting Files */ = {
			isa = PBXGroup;
			children = (
				283AB00B1AEF17E4000E314D /* Info.plist */,
			);
			name = "Supporting Files";
			sourceTree = "<group>";
		};
/* End PBXGroup section */

/* Begin PBXNativeTarget section */
		283AAFD11AEF17D1000E314D /* Watch-2 */ = {
			isa = PBXNativeTarget;
			buildConfigurationList = 283AAFF11AEF17D1000E314D /* Build configuration list for PBXNativeTarget "Watch-2" */;
			buildPhases = (
				283AAFCE1AEF17D1000E314D /* Sources */,
				283AAFCF1AEF17D1000E314D /* Frameworks */,
				283AAFD01AEF17D1000E314D /* Resources */,
				283AB01A1AEF17E4000E314D /* Embed App Extensions */,
			);
			buildRules = (
			);
			dependencies = (
				283AB0121AEF17E4000E314D /* PBXTargetDependency */,
			);
			name = "Watch-2";
			productName = "Watch-2";
			productReference = 283AAFD21AEF17D1000E314D /* Watch-2.app */;
			productType = "com.apple.product-type.application";
		};
		283AAFE61AEF17D1000E314D /* Watch-2Tests */ = {
			isa = PBXNativeTarget;
			buildConfigurationList = 283AAFF41AEF17D1000E314D /* Build configuration list for PBXNativeTarget "Watch-2Tests" */;
			buildPhases = (
				283AAFE31AEF17D1000E314D /* Sources */,
				283AAFE41AEF17D1000E314D /* Frameworks */,
				283AAFE51AEF17D1000E314D /* Resources */,
			);
			buildRules = (
			);
			dependencies = (
				283AAFE91AEF17D1000E314D /* PBXTargetDependency */,
			);
			name = "Watch-2Tests";
			productName = "Watch-2Tests";
			productReference = 283AAFE71AEF17D1000E314D /* Watch-2Tests.xctest */;
			productType = "com.apple.product-type.bundle.unit-test";
		};
		283AAFFA1AEF17E4000E314D /* Watch-2 WatchKit Extension */ = {
			isa = PBXNativeTarget;
			buildConfigurationList = 283AB0171AEF17E4000E314D /* Build configuration list for PBXNativeTarget "Watch-2 WatchKit Extension" */;
			buildPhases = (
				283AAFF71AEF17E4000E314D /* Sources */,
				283AAFF81AEF17E4000E314D /* Frameworks */,
				283AAFF91AEF17E4000E314D /* Resources */,
			);
			buildRules = (
			);
			dependencies = (
				283AB0081AEF17E4000E314D /* PBXTargetDependency */,
			);
			name = "Watch-2 WatchKit Extension";
			productName = "Watch-2 WatchKit Extension";
			productReference = 283AAFFB1AEF17E4000E314D /* Watch-2 WatchKit Extension.appex */;
			productType = "com.apple.product-type.watchkit-extension";
		};
		283AB0041AEF17E4000E314D /* Watch-2 WatchKit App */ = {
			isa = PBXNativeTarget;
			buildConfigurationList = 283AB0141AEF17E4000E314D /* Build configuration list for PBXNativeTarget "Watch-2 WatchKit App" */;
			buildPhases = (
				283AB0031AEF17E4000E314D /* Resources */,
			);
			buildRules = (
			);
			dependencies = (
			);
			name = "Watch-2 WatchKit App";
			productName = "Watch-2 WatchKit App";
			productReference = 283AB0051AEF17E4000E314D /* Watch-2 WatchKit App.app */;
			productType = "com.apple.product-type.application.watchapp";
		};
/* End PBXNativeTarget section */

/* Begin PBXProject section */
		283AAFCA1AEF17D1000E314D /* Project object */ = {
			isa = PBXProject;
			attributes = {
				LastUpgradeCheck = 0630;
				ORGANIZATIONNAME = "OliHire-HellowJingQiu";
				TargetAttributes = {
					283AAFD11AEF17D1000E314D = {
						CreatedOnToolsVersion = 6.4;
					};
					283AAFE61AEF17D1000E314D = {
						CreatedOnToolsVersion = 6.4;
						TestTargetID = 283AAFD11AEF17D1000E314D;
					};
					283AAFFA1AEF17E4000E314D = {
						CreatedOnToolsVersion = 6.4;
					};
					283AB0041AEF17E4000E314D = {
						CreatedOnToolsVersion = 6.4;
					};
				};
			};
			buildConfigurationList = 283AAFCD1AEF17D1000E314D /* Build configuration list for PBXProject "Watch-2" */;
			compatibilityVersion = "Xcode 3.2";
			developmentRegion = English;
			hasScannedForEncodings = 0;
			knownRegions = (
				en,
				Base,
			);
			mainGroup = 283AAFC91AEF17D1000E314D;
			productRefGroup = 283AAFD31AEF17D1000E314D /* Products */;
			projectDirPath = "";
			projectRoot = "";
			targets = (
				283AAFD11AEF17D1000E314D /* Watch-2 */,
				283AAFE61AEF17D1000E314D /* Watch-2Tests */,
				283AAFFA1AEF17E4000E314D /* Watch-2 WatchKit Extension */,
				283AB0041AEF17E4000E314D /* Watch-2 WatchKit App */,
			);
		};
/* End PBXProject section */

/* Begin PBXResourcesBuildPhase section */
		283AAFD01AEF17D1000E314D /* Resources */ = {
			isa = PBXResourcesBuildPhase;
			buildActionMask = 2147483647;
			files = (
				283AAFDD1AEF17D1000E314D /* Main.storyboard in Resources */,
				283AAFE21AEF17D1000E314D /* LaunchScreen.xib in Resources */,
				283AAFDF1AEF17D1000E314D /* Images.xcassets in Resources */,
			);
			runOnlyForDeploymentPostprocessing = 0;
		};
		283AAFE51AEF17D1000E314D /* Resources */ = {
			isa = PBXResourcesBuildPhase;
			buildActionMask = 2147483647;
			files = (
			);
			runOnlyForDeploymentPostprocessing = 0;
		};
		283AAFF91AEF17E4000E314D /* Resources */ = {
			isa = PBXResourcesBuildPhase;
			buildActionMask = 2147483647;
			files = (
				283AB0021AEF17E4000E314D /* Images.xcassets in Resources */,
				283AB0061AEF17E4000E314D /* Watch-2 WatchKit App.app in Resources */,
			);
			runOnlyForDeploymentPostprocessing = 0;
		};
		283AB0031AEF17E4000E314D /* Resources */ = {
			isa = PBXResourcesBuildPhase;
			buildActionMask = 2147483647;
			files = (
				283AB00E1AEF17E4000E314D /* Interface.storyboard in Resources */,
				283AB0101AEF17E4000E314D /* Images.xcassets in Resources */,
			);
			runOnlyForDeploymentPostprocessing = 0;
		};
/* End PBXResourcesBuildPhase section */

/* Begin PBXSourcesBuildPhase section */
		283AAFCE1AEF17D1000E314D /* Sources */ = {
			isa = PBXSourcesBuildPhase;
			buildActionMask = 2147483647;
			files = (
				283AAFDA1AEF17D1000E314D /* ViewController.swift in Sources */,
				283AAFD81AEF17D1000E314D /* AppDelegate.swift in Sources */,
			);
			runOnlyForDeploymentPostprocessing = 0;
		};
		283AAFE31AEF17D1000E314D /* Sources */ = {
			isa = PBXSourcesBuildPhase;
			buildActionMask = 2147483647;
			files = (
				283AAFEE1AEF17D1000E314D /* Watch_2Tests.swift in Sources */,
			);
			runOnlyForDeploymentPostprocessing = 0;
		};
		283AAFF71AEF17E4000E314D /* Sources */ = {
			isa = PBXSourcesBuildPhase;
			buildActionMask = 2147483647;
			files = (
				283AB0001AEF17E4000E314D /* InterfaceController.swift in Sources */,
			);
			runOnlyForDeploymentPostprocessing = 0;
		};
/* End PBXSourcesBuildPhase section */

/* Begin PBXTargetDependency section */
		283AAFE91AEF17D1000E314D /* PBXTargetDependency */ = {
			isa = PBXTargetDependency;
			target = 283AAFD11AEF17D1000E314D /* Watch-2 */;
			targetProxy = 283AAFE81AEF17D1000E314D /* PBXContainerItemProxy */;
		};
		283AB0081AEF17E4000E314D /* PBXTargetDependency */ = {
			isa = PBXTargetDependency;
			target = 283AB0041AEF17E4000E314D /* Watch-2 WatchKit App */;
			targetProxy = 283AB0071AEF17E4000E314D /* PBXContainerItemProxy */;
		};
		283AB0121AEF17E4000E314D /* PBXTargetDependency */ = {
			isa = PBXTargetDependency;
			target = 283AAFFA1AEF17E4000E314D /* Watch-2 WatchKit Extension */;
			targetProxy = 283AB0111AEF17E4000E314D /* PBXContainerItemProxy */;
		};
/* End PBXTargetDependency section */

/* Begin PBXVariantGroup section */
		283AAFDB1AEF17D1000E314D /* Main.storyboard */ = {
			isa = PBXVariantGroup;
			children = (
				283AAFDC1AEF17D1000E314D /* Base */,
			);
			name = Main.storyboard;
			sourceTree = "<group>";
		};
		283AAFE01AEF17D1000E314D /* LaunchScreen.xib */ = {
			isa = PBXVariantGroup;
			children = (
				283AAFE11AEF17D1000E314D /* Base */,
			);
			name = LaunchScreen.xib;
			sourceTree = "<group>";
		};
		283AB00C1AEF17E4000E314D /* Interface.storyboard */ = {
			isa = PBXVariantGroup;
			children = (
				283AB00D1AEF17E4000E314D /* Base */,
			);
			name = Interface.storyboard;
			sourceTree = "<group>";
		};
/* End PBXVariantGroup section */

/* Begin XCBuildConfiguration section */
		283AAFEF1AEF17D1000E314D /* Debug */ = {
			isa = XCBuildConfiguration;
			buildSettings = {
				ALWAYS_SEARCH_USER_PATHS = NO;
				CLANG_CXX_LANGUAGE_STANDARD = "gnu++0x";
				CLANG_CXX_LIBRARY = "libc++";
				CLANG_ENABLE_MODULES = YES;
				CLANG_ENABLE_OBJC_ARC = YES;
				CLANG_WARN_BOOL_CONVERSION = YES;
				CLANG_WARN_CONSTANT_CONVERSION = YES;
				CLANG_WARN_DIRECT_OBJC_ISA_USAGE = YES_ERROR;
				CLANG_WARN_EMPTY_BODY = YES;
				CLANG_WARN_ENUM_CONVERSION = YES;
				CLANG_WARN_INT_CONVERSION = YES;
				CLANG_WARN_OBJC_ROOT_CLASS = YES_ERROR;
				CLANG_WARN_UNREACHABLE_CODE = YES;
				CLANG_WARN__DUPLICATE_METHOD_MATCH = YES;
				"CODE_SIGN_IDENTITY[sdk=iphoneos*]" = "iPhone Developer";
				COPY_PHASE_STRIP = NO;
				DEBUG_INFORMATION_FORMAT = "dwarf-with-dsym";
				ENABLE_STRICT_OBJC_MSGSEND = YES;
				GCC_C_LANGUAGE_STANDARD = gnu99;
				GCC_DYNAMIC_NO_PIC = NO;
				GCC_NO_COMMON_BLOCKS = YES;
				GCC_OPTIMIZATION_LEVEL = 0;
				GCC_PREPROCESSOR_DEFINITIONS = (
					"DEBUG=1",
					"$(inherited)",
				);
				GCC_SYMBOLS_PRIVATE_EXTERN = NO;
				GCC_WARN_64_TO_32_BIT_CONVERSION = YES;
				GCC_WARN_ABOUT_RETURN_TYPE = YES_ERROR;
				GCC_WARN_UNDECLARED_SELECTOR = YES;
				GCC_WARN_UNINITIALIZED_AUTOS = YES_AGGRESSIVE;
				GCC_WARN_UNUSED_FUNCTION = YES;
				GCC_WARN_UNUSED_VARIABLE = YES;
				IPHONEOS_DEPLOYMENT_TARGET = 8.4;
				MTL_ENABLE_DEBUG_INFO = YES;
				ONLY_ACTIVE_ARCH = YES;
				SDKROOT = iphoneos;
				SWIFT_OPTIMIZATION_LEVEL = "-Onone";
				TARGETED_DEVICE_FAMILY = "1,2";
			};
			name = Debug;
		};
		283AAFF01AEF17D1000E314D /* Release */ = {
			isa = XCBuildConfiguration;
			buildSettings = {
				ALWAYS_SEARCH_USER_PATHS = NO;
				CLANG_CXX_LANGUAGE_STANDARD = "gnu++0x";
				CLANG_CXX_LIBRARY = "libc++";
				CLANG_ENABLE_MODULES = YES;
				CLANG_ENABLE_OBJC_ARC = YES;
				CLANG_WARN_BOOL_CONVERSION = YES;
				CLANG_WARN_CONSTANT_CONVERSION = YES;
				CLANG_WARN_DIRECT_OBJC_ISA_USAGE = YES_ERROR;
				CLANG_WARN_EMPTY_BODY = YES;
				CLANG_WARN_ENUM_CONVERSION = YES;
				CLANG_WARN_INT_CONVERSION = YES;
				CLANG_WARN_OBJC_ROOT_CLASS = YES_ERROR;
				CLANG_WARN_UNREACHABLE_CODE = YES;
				CLANG_WARN__DUPLICATE_METHOD_MATCH = YES;
				"CODE_SIGN_IDENTITY[sdk=iphoneos*]" = "iPhone Developer";
				COPY_PHASE_STRIP = NO;
				DEBUG_INFORMATION_FORMAT = "dwarf-with-dsym";
				ENABLE_NS_ASSERTIONS = NO;
				ENABLE_STRICT_OBJC_MSGSEND = YES;
				GCC_C_LANGUAGE_STANDARD = gnu99;
				GCC_NO_COMMON_BLOCKS = YES;
				GCC_WARN_64_TO_32_BIT_CONVERSION = YES;
				GCC_WARN_ABOUT_RETURN_TYPE = YES_ERROR;
				GCC_WARN_UNDECLARED_SELECTOR = YES;
				GCC_WARN_UNINITIALIZED_AUTOS = YES_AGGRESSIVE;
				GCC_WARN_UNUSED_FUNCTION = YES;
				GCC_WARN_UNUSED_VARIABLE = YES;
				IPHONEOS_DEPLOYMENT_TARGET = 8.4;
				MTL_ENABLE_DEBUG_INFO = NO;
				SDKROOT = iphoneos;
				TARGETED_DEVICE_FAMILY = "1,2";
				VALIDATE_PRODUCT = YES;
			};
			name = Release;
		};
		283AAFF21AEF17D1000E314D /* Debug */ = {
			isa = XCBuildConfiguration;
			buildSettings = {
				ASSETCATALOG_COMPILER_APPICON_NAME = AppIcon;
				INFOPLIST_FILE = "Watch-2/Info.plist";
				LD_RUNPATH_SEARCH_PATHS = "$(inherited) @executable_path/Frameworks";
				PRODUCT_NAME = "$(TARGET_NAME)";
			};
			name = Debug;
		};
		283AAFF31AEF17D1000E314D /* Release */ = {
			isa = XCBuildConfiguration;
			buildSettings = {
				ASSETCATALOG_COMPILER_APPICON_NAME = AppIcon;
				INFOPLIST_FILE = "Watch-2/Info.plist";
				LD_RUNPATH_SEARCH_PATHS = "$(inherited) @executable_path/Frameworks";
				PRODUCT_NAME = "$(TARGET_NAME)";
			};
			name = Release;
		};
		283AAFF51AEF17D1000E314D /* Debug */ = {
			isa = XCBuildConfiguration;
			buildSettings = {
				BUNDLE_LOADER = "$(TEST_HOST)";
				FRAMEWORK_SEARCH_PATHS = (
					"$(SDKROOT)/Developer/Library/Frameworks",
					"$(inherited)",
				);
				GCC_PREPROCESSOR_DEFINITIONS = (
					"DEBUG=1",
					"$(inherited)",
				);
				INFOPLIST_FILE = "Watch-2Tests/Info.plist";
				LD_RUNPATH_SEARCH_PATHS = "$(inherited) @executable_path/Frameworks @loader_path/Frameworks";
				PRODUCT_NAME = "$(TARGET_NAME)";
				TEST_HOST = "$(BUILT_PRODUCTS_DIR)/Watch-2.app/Watch-2";
			};
			name = Debug;
		};
		283AAFF61AEF17D1000E314D /* Release */ = {
			isa = XCBuildConfiguration;
			buildSettings = {
				BUNDLE_LOADER = "$(TEST_HOST)";
				FRAMEWORK_SEARCH_PATHS = (
					"$(SDKROOT)/Developer/Library/Frameworks",
					"$(inherited)",
				);
				INFOPLIST_FILE = "Watch-2Tests/Info.plist";
				LD_RUNPATH_SEARCH_PATHS = "$(inherited) @executable_path/Frameworks @loader_path/Frameworks";
				PRODUCT_NAME = "$(TARGET_NAME)";
				TEST_HOST = "$(BUILT_PRODUCTS_DIR)/Watch-2.app/Watch-2";
			};
			name = Release;
		};
		283AB0151AEF17E4000E314D /* Debug */ = {
			isa = XCBuildConfiguration;
			buildSettings = {
				ASSETCATALOG_COMPILER_APPICON_NAME = AppIcon;
				GCC_PREPROCESSOR_DEFINITIONS = (
					"DEBUG=1",
					"$(inherited)",
				);
				IBSC_MODULE = Watch_2_WatchKit_Extension;
				INFOPLIST_FILE = "Watch-2 WatchKit App/Info.plist";
				IPHONEOS_DEPLOYMENT_TARGET = 8.2;
				PRODUCT_NAME = "$(TARGET_NAME)";
				SKIP_INSTALL = YES;
				TARGETED_DEVICE_FAMILY = 4;
				"TARGETED_DEVICE_FAMILY[sdk=iphonesimulator*]" = "1,4";
			};
			name = Debug;
		};
		283AB0161AEF17E4000E314D /* Release */ = {
			isa = XCBuildConfiguration;
			buildSettings = {
				ASSETCATALOG_COMPILER_APPICON_NAME = AppIcon;
				IBSC_MODULE = Watch_2_WatchKit_Extension;
				INFOPLIST_FILE = "Watch-2 WatchKit App/Info.plist";
				IPHONEOS_DEPLOYMENT_TARGET = 8.2;
				PRODUCT_NAME = "$(TARGET_NAME)";
				SKIP_INSTALL = YES;
				TARGETED_DEVICE_FAMILY = 4;
				"TARGETED_DEVICE_FAMILY[sdk=iphonesimulator*]" = "1,4";
			};
			name = Release;
		};
		283AB0181AEF17E4000E314D /* Debug */ = {
			isa = XCBuildConfiguration;
			buildSettings = {
				GCC_PREPROCESSOR_DEFINITIONS = (
					"DEBUG=1",
					"$(inherited)",
				);
				INFOPLIST_FILE = "Watch-2 WatchKit Extension/Info.plist";
				LD_RUNPATH_SEARCH_PATHS = "$(inherited) @executable_path/Frameworks @executable_path/../../Frameworks";
				PRODUCT_NAME = "${TARGET_NAME}";
				SKIP_INSTALL = YES;
			};
			name = Debug;
		};
		283AB0191AEF17E4000E314D /* Release */ = {
			isa = XCBuildConfiguration;
			buildSettings = {
				INFOPLIST_FILE = "Watch-2 WatchKit Extension/Info.plist";
				LD_RUNPATH_SEARCH_PATHS = "$(inherited) @executable_path/Frameworks @executable_path/../../Frameworks";
				PRODUCT_NAME = "${TARGET_NAME}";
				SKIP_INSTALL = YES;
			};
			name = Release;
		};
/* End XCBuildConfiguration section */

/* Begin XCConfigurationList section */
		283AAFCD1AEF17D1000E314D /* Build configuration list for PBXProject "Watch-2" */ = {
			isa = XCConfigurationList;
			buildConfigurations = (
				283AAFEF1AEF17D1000E314D /* Debug */,
				283AAFF01AEF17D1000E314D /* Release */,
			);
			defaultConfigurationIsVisible = 0;
			defaultConfigurationName = Release;
		};
		283AAFF11AEF17D1000E314D /* Build configuration list for PBXNativeTarget "Watch-2" */ = {
			isa = XCConfigurationList;
			buildConfigurations = (
				283AAFF21AEF17D1000E314D /* Debug */,
				283AAFF31AEF17D1000E314D /* Release */,
			);
			defaultConfigurationIsVisible = 0;
		};
		283AAFF41AEF17D1000E314D /* Build configuration list for PBXNativeTarget "Watch-2Tests" */ = {
			isa = XCConfigurationList;
			buildConfigurations = (
				283AAFF51AEF17D1000E314D /* Debug */,
				283AAFF61AEF17D1000E314D /* Release */,
			);
			defaultConfigurationIsVisible = 0;
		};
		283AB0141AEF17E4000E314D /* Build configuration list for PBXNativeTarget "Watch-2 WatchKit App" */ = {
			isa = XCConfigurationList;
			buildConfigurations = (
				283AB0151AEF17E4000E314D /* Debug */,
				283AB0161AEF17E4000E314D /* Release */,
			);
			defaultConfigurationIsVisible = 0;
		};
		283AB0171AEF17E4000E314D /* Build configuration list for PBXNativeTarget "Watch-2 WatchKit Extension" */ = {
			isa = XCConfigurationList;
			buildConfigurations = (
				283AB0181AEF17E4000E314D /* Debug */,
				283AB0191AEF17E4000E314D /* Release */,
			);
			defaultConfigurationIsVisible = 0;
		};
/* End XCConfigurationList section */
	};
	rootObject = 283AAFCA1AEF17D1000E314D /* Project object */;
}
